// !$*UTF8*$!
{
	archiveVersion = 1;
	classes = {
	};
	objectVersion = 50;
	objects = {

/* Begin PBXBuildFile section */
		03D9152F263755EE0088C5C4 /* AppDelegate.swift in Sources */ = {isa = PBXBuildFile; fileRef = 03D9152E263755EE0088C5C4 /* AppDelegate.swift */; };
		03D91531263755EE0088C5C4 /* SceneDelegate.swift in Sources */ = {isa = PBXBuildFile; fileRef = 03D91530263755EE0088C5C4 /* SceneDelegate.swift */; };
		03D91536263755EE0088C5C4 /* Main.storyboard in Resources */ = {isa = PBXBuildFile; fileRef = 03D91534263755EE0088C5C4 /* Main.storyboard */; };
		03D91539263755EE0088C5C4 /* Journal_but_Core_Data.xcdatamodeld in Sources */ = {isa = PBXBuildFile; fileRef = 03D91537263755EE0088C5C4 /* Journal_but_Core_Data.xcdatamodeld */; };
		03D9153B263755EF0088C5C4 /* Assets.xcassets in Resources */ = {isa = PBXBuildFile; fileRef = 03D9153A263755EF0088C5C4 /* Assets.xcassets */; };
		03D9153E263755EF0088C5C4 /* LaunchScreen.storyboard in Resources */ = {isa = PBXBuildFile; fileRef = 03D9153C263755EF0088C5C4 /* LaunchScreen.storyboard */; };
		03D91554263757770088C5C4 /* Entry+Convenience.swift in Sources */ = {isa = PBXBuildFile; fileRef = 03D91553263757770088C5C4 /* Entry+Convenience.swift */; };
		03D9155826375A020088C5C4 /* CoreDataStack.swift in Sources */ = {isa = PBXBuildFile; fileRef = 03D9155726375A020088C5C4 /* CoreDataStack.swift */; };
		03D9155B26375AE30088C5C4 /* EntryController.swift in Sources */ = {isa = PBXBuildFile; fileRef = 03D9155A26375AE30088C5C4 /* EntryController.swift */; };
		03D9155E26375DA80088C5C4 /* EntryTableViewController.swift in Sources */ = {isa = PBXBuildFile; fileRef = 03D9155D26375DA80088C5C4 /* EntryTableViewController.swift */; };
		03D91561263760380088C5C4 /* EntryDetailViewController.swift in Sources */ = {isa = PBXBuildFile; fileRef = 03D91560263760380088C5C4 /* EntryDetailViewController.swift */; };
		03D91564263763AD0088C5C4 /* EntryTableViewCell.swift in Sources */ = {isa = PBXBuildFile; fileRef = 03D91563263763AD0088C5C4 /* EntryTableViewCell.swift */; };
/* End PBXBuildFile section */

/* Begin PBXFileReference section */
		03D9152B263755EE0088C5C4 /* core data journal.app */ = {isa = PBXFileReference; explicitFileType = wrapper.application; includeInIndex = 0; path = "core data journal.app"; sourceTree = BUILT_PRODUCTS_DIR; };
		03D9152E263755EE0088C5C4 /* AppDelegate.swift */ = {isa = PBXFileReference; lastKnownFileType = sourcecode.swift; path = AppDelegate.swift; sourceTree = "<group>"; };
		03D91530263755EE0088C5C4 /* SceneDelegate.swift */ = {isa = PBXFileReference; lastKnownFileType = sourcecode.swift; path = SceneDelegate.swift; sourceTree = "<group>"; };
		03D91535263755EE0088C5C4 /* Base */ = {isa = PBXFileReference; lastKnownFileType = file.storyboard; name = Base; path = Base.lproj/Main.storyboard; sourceTree = "<group>"; };
		03D91538263755EE0088C5C4 /* Journal_but_Core_Data.xcdatamodel */ = {isa = PBXFileReference; lastKnownFileType = wrapper.xcdatamodel; path = Journal_but_Core_Data.xcdatamodel; sourceTree = "<group>"; };
		03D9153A263755EF0088C5C4 /* Assets.xcassets */ = {isa = PBXFileReference; lastKnownFileType = folder.assetcatalog; path = Assets.xcassets; sourceTree = "<group>"; };
		03D9153D263755EF0088C5C4 /* Base */ = {isa = PBXFileReference; lastKnownFileType = file.storyboard; name = Base; path = Base.lproj/LaunchScreen.storyboard; sourceTree = "<group>"; };
		03D9153F263755EF0088C5C4 /* Info.plist */ = {isa = PBXFileReference; lastKnownFileType = text.plist.xml; path = Info.plist; sourceTree = "<group>"; };
		03D91553263757770088C5C4 /* Entry+Convenience.swift */ = {isa = PBXFileReference; lastKnownFileType = sourcecode.swift; path = "Entry+Convenience.swift"; sourceTree = "<group>"; };
		03D9155726375A020088C5C4 /* CoreDataStack.swift */ = {isa = PBXFileReference; lastKnownFileType = sourcecode.swift; path = CoreDataStack.swift; sourceTree = "<group>"; };
		03D9155A26375AE30088C5C4 /* EntryController.swift */ = {isa = PBXFileReference; lastKnownFileType = sourcecode.swift; path = EntryController.swift; sourceTree = "<group>"; };
		03D9155D26375DA80088C5C4 /* EntryTableViewController.swift */ = {isa = PBXFileReference; lastKnownFileType = sourcecode.swift; path = EntryTableViewController.swift; sourceTree = "<group>"; };
		03D91560263760380088C5C4 /* EntryDetailViewController.swift */ = {isa = PBXFileReference; lastKnownFileType = sourcecode.swift; path = EntryDetailViewController.swift; sourceTree = "<group>"; };
		03D91563263763AD0088C5C4 /* EntryTableViewCell.swift */ = {isa = PBXFileReference; lastKnownFileType = sourcecode.swift; path = EntryTableViewCell.swift; sourceTree = "<group>"; };
/* End PBXFileReference section */

/* Begin PBXFrameworksBuildPhase section */
		03D91528263755EE0088C5C4 /* Frameworks */ = {
			isa = PBXFrameworksBuildPhase;
			buildActionMask = 2147483647;
			files = (
			);
			runOnlyForDeploymentPostprocessing = 0;
		};
/* End PBXFrameworksBuildPhase section */

/* Begin PBXGroup section */
		03D91522263755EE0088C5C4 = {
			isa = PBXGroup;
			children = (
				03D9152D263755EE0088C5C4 /* Journal but Core Data */,
				03D9152C263755EE0088C5C4 /* Products */,
			);
			sourceTree = "<group>";
		};
		03D9152C263755EE0088C5C4 /* Products */ = {
			isa = PBXGroup;
			children = (
				03D9152B263755EE0088C5C4 /* core data journal.app */,
			);
			name = Products;
			sourceTree = "<group>";
		};
		03D9152D263755EE0088C5C4 /* Journal but Core Data */ = {
			isa = PBXGroup;
			children = (
				03D9154B263756130088C5C4 /* Helper and Extension */,
				03D9154A263756090088C5C4 /* Resources */,
				03D91549263756000088C5C4 /* Controllers */,
				03D91548263755FB0088C5C4 /* Views */,
				03D91546263755F50088C5C4 /* Core Data */,
			);
			path = "Journal but Core Data";
			sourceTree = "<group>";
		};
		03D91546263755F50088C5C4 /* Core Data */ = {
			isa = PBXGroup;
			children = (
				03D91537263755EE0088C5C4 /* Journal_but_Core_Data.xcdatamodeld */,
				03D91553263757770088C5C4 /* Entry+Convenience.swift */,
				03D9155726375A020088C5C4 /* CoreDataStack.swift */,
			);
			path = "Core Data";
			sourceTree = "<group>";
		};
		03D91548263755FB0088C5C4 /* Views */ = {
			isa = PBXGroup;
			children = (
				03D9154D263756420088C5C4 /* Custom Views */,
				03D9154C2637563B0088C5C4 /* Storyboard */,
			);
			path = Views;
			sourceTree = "<group>";
		};
		03D91549263756000088C5C4 /* Controllers */ = {
			isa = PBXGroup;
			children = (
				03D91551263756730088C5C4 /* View Controllers */,
				03D915502637566A0088C5C4 /* Model Controllers */,
			);
			path = Controllers;
			sourceTree = "<group>";
		};
		03D9154A263756090088C5C4 /* Resources */ = {
			isa = PBXGroup;
			children = (
				03D9152E263755EE0088C5C4 /* AppDelegate.swift */,
				03D91530263755EE0088C5C4 /* SceneDelegate.swift */,
				03D9153A263755EF0088C5C4 /* Assets.xcassets */,
				03D9153F263755EF0088C5C4 /* Info.plist */,
			);
			path = Resources;
			sourceTree = "<group>";
		};
		03D9154B263756130088C5C4 /* Helper and Extension */ = {
			isa = PBXGroup;
			children = (
			);
			path = "Helper and Extension";
			sourceTree = "<group>";
		};
		03D9154C2637563B0088C5C4 /* Storyboard */ = {
			isa = PBXGroup;
			children = (
				03D91534263755EE0088C5C4 /* Main.storyboard */,
				03D9153C263755EF0088C5C4 /* LaunchScreen.storyboard */,
			);
			path = Storyboard;
			sourceTree = "<group>";
		};
		03D9154D263756420088C5C4 /* Custom Views */ = {
			isa = PBXGroup;
			children = (
				03D91563263763AD0088C5C4 /* EntryTableViewCell.swift */,
			);
			path = "Custom Views";
			sourceTree = "<group>";
		};
		03D915502637566A0088C5C4 /* Model Controllers */ = {
			isa = PBXGroup;
			children = (
				03D9155A26375AE30088C5C4 /* EntryController.swift */,
			);
			path = "Model Controllers";
			sourceTree = "<group>";
		};
		03D91551263756730088C5C4 /* View Controllers */ = {
			isa = PBXGroup;
			children = (
				03D9155D26375DA80088C5C4 /* EntryTableViewController.swift */,
				03D91560263760380088C5C4 /* EntryDetailViewController.swift */,
			);
			path = "View Controllers";
			sourceTree = "<group>";
		};
/* End PBXGroup section */

/* Begin PBXNativeTarget section */
		03D9152A263755EE0088C5C4 /* Journal but Core Data */ = {
			isa = PBXNativeTarget;
			buildConfigurationList = 03D91542263755EF0088C5C4 /* Build configuration list for PBXNativeTarget "Journal but Core Data" */;
			buildPhases = (
				03D91527263755EE0088C5C4 /* Sources */,
				03D91528263755EE0088C5C4 /* Frameworks */,
				03D91529263755EE0088C5C4 /* Resources */,
			);
			buildRules = (
			);
			dependencies = (
			);
			name = "Journal but Core Data";
			productName = "Journal but Core Data";
			productReference = 03D9152B263755EE0088C5C4 /* core data journal.app */;
			productType = "com.apple.product-type.application";
		};
/* End PBXNativeTarget section */

/* Begin PBXProject section */
		03D91523263755EE0088C5C4 /* Project object */ = {
			isa = PBXProject;
			attributes = {
				LastSwiftUpdateCheck = 1240;
				LastUpgradeCheck = 1240;
				TargetAttributes = {
					03D9152A263755EE0088C5C4 = {
						CreatedOnToolsVersion = 12.4;
					};
				};
			};
			buildConfigurationList = 03D91526263755EE0088C5C4 /* Build configuration list for PBXProject "Journal but Core Data" */;
			compatibilityVersion = "Xcode 9.3";
			developmentRegion = en;
			hasScannedForEncodings = 0;
			knownRegions = (
				en,
				Base,
			);
			mainGroup = 03D91522263755EE0088C5C4;
			productRefGroup = 03D9152C263755EE0088C5C4 /* Products */;
			projectDirPath = "";
			projectRoot = "";
			targets = (
				03D9152A263755EE0088C5C4 /* Journal but Core Data */,
			);
		};
/* End PBXProject section */

/* Begin PBXResourcesBuildPhase section */
		03D91529263755EE0088C5C4 /* Resources */ = {
			isa = PBXResourcesBuildPhase;
			buildActionMask = 2147483647;
			files = (
				03D9153E263755EF0088C5C4 /* LaunchScreen.storyboard in Resources */,
				03D9153B263755EF0088C5C4 /* Assets.xcassets in Resources */,
				03D91536263755EE0088C5C4 /* Main.storyboard in Resources */,
			);
			runOnlyForDeploymentPostprocessing = 0;
		};
/* End PBXResourcesBuildPhase section */

/* Begin PBXSourcesBuildPhase section */
		03D91527263755EE0088C5C4 /* Sources */ = {
			isa = PBXSourcesBuildPhase;
			buildActionMask = 2147483647;
			files = (
				03D9155B26375AE30088C5C4 /* EntryController.swift in Sources */,
				03D9155826375A020088C5C4 /* CoreDataStack.swift in Sources */,
				03D9155E26375DA80088C5C4 /* EntryTableViewController.swift in Sources */,
				03D91554263757770088C5C4 /* Entry+Convenience.swift in Sources */,
				03D91539263755EE0088C5C4 /* Journal_but_Core_Data.xcdatamodeld in Sources */,
				03D9152F263755EE0088C5C4 /* AppDelegate.swift in Sources */,
				03D91564263763AD0088C5C4 /* EntryTableViewCell.swift in Sources */,
				03D91561263760380088C5C4 /* EntryDetailViewController.swift in Sources */,
				03D91531263755EE0088C5C4 /* SceneDelegate.swift in Sources */,
			);
			runOnlyForDeploymentPostprocessing = 0;
		};
/* End PBXSourcesBuildPhase section */

/* Begin PBXVariantGroup section */
		03D91534263755EE0088C5C4 /* Main.storyboard */ = {
			isa = PBXVariantGroup;
			children = (
				03D91535263755EE0088C5C4 /* Base */,
			);
			name = Main.storyboard;
			sourceTree = "<group>";
		};
		03D9153C263755EF0088C5C4 /* LaunchScreen.storyboard */ = {
			isa = PBXVariantGroup;
			children = (
				03D9153D263755EF0088C5C4 /* Base */,
			);
			name = LaunchScreen.storyboard;
			sourceTree = "<group>";
		};
/* End PBXVariantGroup section */

/* Begin XCBuildConfiguration section */
		03D91540263755EF0088C5C4 /* Debug */ = {
			isa = XCBuildConfiguration;
			buildSettings = {
				ALWAYS_SEARCH_USER_PATHS = NO;
				CLANG_ANALYZER_NONNULL = YES;
				CLANG_ANALYZER_NUMBER_OBJECT_CONVERSION = YES_AGGRESSIVE;
				CLANG_CXX_LANGUAGE_STANDARD = "gnu++14";
				CLANG_CXX_LIBRARY = "libc++";
				CLANG_ENABLE_MODULES = YES;
				CLANG_ENABLE_OBJC_ARC = YES;
				CLANG_ENABLE_OBJC_WEAK = YES;
				CLANG_WARN_BLOCK_CAPTURE_AUTORELEASING = YES;
				CLANG_WARN_BOOL_CONVERSION = YES;
				CLANG_WARN_COMMA = YES;
				CLANG_WARN_CONSTANT_CONVERSION = YES;
				CLANG_WARN_DEPRECATED_OBJC_IMPLEMENTATIONS = YES;
				CLANG_WARN_DIRECT_OBJC_ISA_USAGE = YES_ERROR;
				CLANG_WARN_DOCUMENTATION_COMMENTS = YES;
				CLANG_WARN_EMPTY_BODY = YES;
				CLANG_WARN_ENUM_CONVERSION = YES;
				CLANG_WARN_INFINITE_RECURSION = YES;
				CLANG_WARN_INT_CONVERSION = YES;
				CLANG_WARN_NON_LITERAL_NULL_CONVERSION = YES;
				CLANG_WARN_OBJC_IMPLICIT_RETAIN_SELF = YES;
				CLANG_WARN_OBJC_LITERAL_CONVERSION = YES;
				CLANG_WARN_OBJC_ROOT_CLASS = YES_ERROR;
				CLANG_WARN_QUOTED_INCLUDE_IN_FRAMEWORK_HEADER = YES;
				CLANG_WARN_RANGE_LOOP_ANALYSIS = YES;
				CLANG_WARN_STRICT_PROTOTYPES = YES;
				CLANG_WARN_SUSPICIOUS_MOVE = YES;
				CLANG_WARN_UNGUARDED_AVAILABILITY = YES_AGGRESSIVE;
				CLANG_WARN_UNREACHABLE_CODE = YES;
				CLANG_WARN__DUPLICATE_METHOD_MATCH = YES;
				COPY_PHASE_STRIP = NO;
				DEBUG_INFORMATION_FORMAT = dwarf;
				ENABLE_STRICT_OBJC_MSGSEND = YES;
				ENABLE_TESTABILITY = YES;
				GCC_C_LANGUAGE_STANDARD = gnu11;
				GCC_DYNAMIC_NO_PIC = NO;
				GCC_NO_COMMON_BLOCKS = YES;
				GCC_OPTIMIZATION_LEVEL = 0;
				GCC_PREPROCESSOR_DEFINITIONS = (
					"DEBUG=1",
					"$(inherited)",
				);
				GCC_WARN_64_TO_32_BIT_CONVERSION = YES;
				GCC_WARN_ABOUT_RETURN_TYPE = YES_ERROR;
				GCC_WARN_UNDECLARED_SELECTOR = YES;
				GCC_WARN_UNINITIALIZED_AUTOS = YES_AGGRESSIVE;
				GCC_WARN_UNUSED_FUNCTION = YES;
				GCC_WARN_UNUSED_VARIABLE = YES;
				IPHONEOS_DEPLOYMENT_TARGET = 14.4;
				MTL_ENABLE_DEBUG_INFO = INCLUDE_SOURCE;
				MTL_FAST_MATH = YES;
				ONLY_ACTIVE_ARCH = YES;
				SDKROOT = iphoneos;
				SWIFT_ACTIVE_COMPILATION_CONDITIONS = DEBUG;
				SWIFT_OPTIMIZATION_LEVEL = "-Onone";
			};
			name = Debug;
		};
		03D91541263755EF0088C5C4 /* Release */ = {
			isa = XCBuildConfiguration;
			buildSettings = {
				ALWAYS_SEARCH_USER_PATHS = NO;
				CLANG_ANALYZER_NONNULL = YES;
				CLANG_ANALYZER_NUMBER_OBJECT_CONVERSION = YES_AGGRESSIVE;
				CLANG_CXX_LANGUAGE_STANDARD = "gnu++14";
				CLANG_CXX_LIBRARY = "libc++";
				CLANG_ENABLE_MODULES = YES;
				CLANG_ENABLE_OBJC_ARC = YES;
				CLANG_ENABLE_OBJC_WEAK = YES;
				CLANG_WARN_BLOCK_CAPTURE_AUTORELEASING = YES;
				CLANG_WARN_BOOL_CONVERSION = YES;
				CLANG_WARN_COMMA = YES;
				CLANG_WARN_CONSTANT_CONVERSION = YES;
				CLANG_WARN_DEPRECATED_OBJC_IMPLEMENTATIONS = YES;
				CLANG_WARN_DIRECT_OBJC_ISA_USAGE = YES_ERROR;
				CLANG_WARN_DOCUMENTATION_COMMENTS = YES;
				CLANG_WARN_EMPTY_BODY = YES;
				CLANG_WARN_ENUM_CONVERSION = YES;
				CLANG_WARN_INFINITE_RECURSION = YES;
				CLANG_WARN_INT_CONVERSION = YES;
				CLANG_WARN_NON_LITERAL_NULL_CONVERSION = YES;
				CLANG_WARN_OBJC_IMPLICIT_RETAIN_SELF = YES;
				CLANG_WARN_OBJC_LITERAL_CONVERSION = YES;
				CLANG_WARN_OBJC_ROOT_CLASS = YES_ERROR;
				CLANG_WARN_QUOTED_INCLUDE_IN_FRAMEWORK_HEADER = YES;
				CLANG_WARN_RANGE_LOOP_ANALYSIS = YES;
				CLANG_WARN_STRICT_PROTOTYPES = YES;
				CLANG_WARN_SUSPICIOUS_MOVE = YES;
				CLANG_WARN_UNGUARDED_AVAILABILITY = YES_AGGRESSIVE;
				CLANG_WARN_UNREACHABLE_CODE = YES;
				CLANG_WARN__DUPLICATE_METHOD_MATCH = YES;
				COPY_PHASE_STRIP = NO;
				DEBUG_INFORMATION_FORMAT = "dwarf-with-dsym";
				ENABLE_NS_ASSERTIONS = NO;
				ENABLE_STRICT_OBJC_MSGSEND = YES;
				GCC_C_LANGUAGE_STANDARD = gnu11;
				GCC_NO_COMMON_BLOCKS = YES;
				GCC_WARN_64_TO_32_BIT_CONVERSION = YES;
				GCC_WARN_ABOUT_RETURN_TYPE = YES_ERROR;
				GCC_WARN_UNDECLARED_SELECTOR = YES;
				GCC_WARN_UNINITIALIZED_AUTOS = YES_AGGRESSIVE;
				GCC_WARN_UNUSED_FUNCTION = YES;
				GCC_WARN_UNUSED_VARIABLE = YES;
				IPHONEOS_DEPLOYMENT_TARGET = 14.4;
				MTL_ENABLE_DEBUG_INFO = NO;
				MTL_FAST_MATH = YES;
				SDKROOT = iphoneos;
				SWIFT_COMPILATION_MODE = wholemodule;
				SWIFT_OPTIMIZATION_LEVEL = "-O";
				VALIDATE_PRODUCT = YES;
			};
			name = Release;
		};
		03D91543263755EF0088C5C4 /* Debug */ = {
			isa = XCBuildConfiguration;
			buildSettings = {
				ASSETCATALOG_COMPILER_APPICON_NAME = AppIcon;
				ASSETCATALOG_COMPILER_GLOBAL_ACCENT_COLOR_NAME = AccentColor;
				CODE_SIGN_STYLE = Automatic;
				DEVELOPMENT_TEAM = RCJN47T742;
				INFOPLIST_FILE = "Journal but Core Data/Resources/Info.plist";
				LD_RUNPATH_SEARCH_PATHS = (
					"$(inherited)",
					"@executable_path/Frameworks",
				);
				PRODUCT_BUNDLE_IDENTIFIER = "com.smithyboi.Journal-but-Core-Data";
				PRODUCT_NAME = "core data journal";
				SWIFT_VERSION = 5.0;
				TARGETED_DEVICE_FAMILY = "1,2";
			};
			name = Debug;
		};
		03D91544263755EF0088C5C4 /* Release */ = {
			isa = XCBuildConfiguration;
			buildSettings = {
				ASSETCATALOG_COMPILER_APPICON_NAME = AppIcon;
				ASSETCATALOG_COMPILER_GLOBAL_ACCENT_COLOR_NAME = AccentColor;
				CODE_SIGN_STYLE = Automatic;
				DEVELOPMENT_TEAM = RCJN47T742;
				INFOPLIST_FILE = "Journal but Core Data/Resources/Info.plist";
				LD_RUNPATH_SEARCH_PATHS = (
					"$(inherited)",
					"@executable_path/Frameworks",
				);
				PRODUCT_BUNDLE_IDENTIFIER = "com.smithyboi.Journal-but-Core-Data";
				PRODUCT_NAME = "core data journal";
				SWIFT_VERSION = 5.0;
				TARGETED_DEVICE_FAMILY = "1,2";
			};
			name = Release;
		};
/* End XCBuildConfiguration section */

/* Begin XCConfigurationList section */
		03D91526263755EE0088C5C4 /* Build configuration list for PBXProject "Journal but Core Data" */ = {
			isa = XCConfigurationList;
			buildConfigurations = (
				03D91540263755EF0088C5C4 /* Debug */,
				03D91541263755EF0088C5C4 /* Release */,
			);
			defaultConfigurationIsVisible = 0;
			defaultConfigurationName = Release;
		};
		03D91542263755EF0088C5C4 /* Build configuration list for PBXNativeTarget "Journal but Core Data" */ = {
			isa = XCConfigurationList;
			buildConfigurations = (
				03D91543263755EF0088C5C4 /* Debug */,
				03D91544263755EF0088C5C4 /* Release */,
			);
			defaultConfigurationIsVisible = 0;
			defaultConfigurationName = Release;
		};
/* End XCConfigurationList section */

/* Begin XCVersionGroup section */
		03D91537263755EE0088C5C4 /* Journal_but_Core_Data.xcdatamodeld */ = {
			isa = XCVersionGroup;
			children = (
				03D91538263755EE0088C5C4 /* Journal_but_Core_Data.xcdatamodel */,
			);
			currentVersion = 03D91538263755EE0088C5C4 /* Journal_but_Core_Data.xcdatamodel */;
			path = Journal_but_Core_Data.xcdatamodeld;
			sourceTree = "<group>";
			versionGroupType = wrapper.xcdatamodel;
		};
/* End XCVersionGroup section */
	};
	rootObject = 03D91523263755EE0088C5C4 /* Project object */;
}
